
Microsoft Visual Studio Solution File, Format Version 12.00
# Visual Studio Version 16
VisualStudioVersion = 16.0.30011.22
MinimumVisualStudioVersion = 10.0.40219.1
Project("{FAE04EC0-301F-11D3-BF4B-00C04F79EFBC}") = "myNAVSales.myNAVPortal.Web", "myNAVSales.myNAVPortal.Web\myNAVSales.myNAVPortal.Web.csproj", "{904EC475-C4FA-400E-AECE-3C0059828CB1}"
EndProject
Project("{FAE04EC0-301F-11D3-BF4B-00C04F79EFBC}") = "myNAVSales.myNAVPortal.WebAPI", "myNAVSales.myNAVPortal.WebAPI\myNAVSales.myNAVPortal.WebAPI.csproj", "{9F39B209-F467-4FB7-821B-98CBA3DC882D}"
EndProject
Project("{FAE04EC0-301F-11D3-BF4B-00C04F79EFBC}") = "myNAVSales.myNAVPortal.Models", "myNAVSales.myNAVPortal.Models\myNAVSales.myNAVPortal.Models.csproj", "{40FC8106-AA32-4ED5-9B8F-CE6251539CC5}"
EndProject
Project("{FAE04EC0-301F-11D3-BF4B-00C04F79EFBC}") = "myNAVSales.myNAVPortal.CrossCutting", "myNAVSales.myNAVPortal.CrossCutting\myNAVSales.myNAVPortal.CrossCutting.csproj", "{880E55D4-0A05-4B64-9EEF-7C8D03BE8D1D}"
EndProject
Project("{FAE04EC0-301F-11D3-BF4B-00C04F79EFBC}") = "myNAVSales.myNAVPortal.DataAccess", "myNAVSales.myNAVPortal.DataAccess\myNAVSales.myNAVPortal.DataAccess.csproj", "{FBDB6698-6DB3-48D8-9C4B-FD885782AE92}"
EndProject
Project("{00D1A9C2-B5F0-4AF3-8072-F6C62B433612}") = "myNAVSales.myNAVPortal.Database", "myNAVSales.myNAVPortal.Database\myNAVSales.myNAVPortal.Database.sqlproj", "{AB9D8BB5-FDB7-4D4E-B5BB-DB8374C4DF1F}"
EndProject
Project("{00D1A9C2-B5F0-4AF3-8072-F6C62B433612}") = "myNAVSales.myNAVPortal.myClientsDatabase", "myNAVSales.myNAVPortal.myClientsDatabase\myNAVSales.myNAVPortal.myClientsDatabase.sqlproj", "{7D307B5A-B4F7-4CC7-B865-E32030E31FFB}"
EndProject
Global
	GlobalSection(SolutionConfigurationPlatforms) = preSolution
		Debug|Any CPU = Debug|Any CPU
		DemoDeploy|Any CPU = DemoDeploy|Any CPU
		DevDeploy|Any CPU = DevDeploy|Any CPU
		ProdDeploy|Any CPU = ProdDeploy|Any CPU
		ProdReplica|Any CPU = ProdReplica|Any CPU
		Release|Any CPU = Release|Any CPU
		StageDeploy|Any CPU = StageDeploy|Any CPU
	EndGlobalSection
	GlobalSection(ProjectConfigurationPlatforms) = postSolution
		{904EC475-C4FA-400E-AECE-3C0059828CB1}.Debug|Any CPU.ActiveCfg = Debug|Any CPU
		{904EC475-C4FA-400E-AECE-3C0059828CB1}.Debug|Any CPU.Build.0 = Debug|Any CPU
		{904EC475-C4FA-400E-AECE-3C0059828CB1}.DemoDeploy|Any CPU.ActiveCfg = DemoDeploy|Any CPU
		{904EC475-C4FA-400E-AECE-3C0059828CB1}.DemoDeploy|Any CPU.Build.0 = DemoDeploy|Any CPU
		{904EC475-C4FA-400E-AECE-3C0059828CB1}.DevDeploy|Any CPU.ActiveCfg = DevDeploy|Any CPU
		{904EC475-C4FA-400E-AECE-3C0059828CB1}.DevDeploy|Any CPU.Build.0 = DevDeploy|Any CPU
		{904EC475-C4FA-400E-AECE-3C0059828CB1}.ProdDeploy|Any CPU.ActiveCfg = ProdDeploy|Any CPU
		{904EC475-C4FA-400E-AECE-3C0059828CB1}.ProdDeploy|Any CPU.Build.0 = ProdDeploy|Any CPU
		{904EC475-C4FA-400E-AECE-3C0059828CB1}.ProdReplica|Any CPU.ActiveCfg = ProdReplica|Any CPU
		{904EC475-C4FA-400E-AECE-3C0059828CB1}.ProdReplica|Any CPU.Build.0 = ProdReplica|Any CPU
		{904EC475-C4FA-400E-AECE-3C0059828CB1}.Release|Any CPU.ActiveCfg = Release|Any CPU
		{904EC475-C4FA-400E-AECE-3C0059828CB1}.Release|Any CPU.Build.0 = Release|Any CPU
		{904EC475-C4FA-400E-AECE-3C0059828CB1}.StageDeploy|Any CPU.ActiveCfg = StageDeploy|Any CPU
		{904EC475-C4FA-400E-AECE-3C0059828CB1}.StageDeploy|Any CPU.Build.0 = StageDeploy|Any CPU
		{9F39B209-F467-4FB7-821B-98CBA3DC882D}.Debug|Any CPU.ActiveCfg = Debug|Any CPU
		{9F39B209-F467-4FB7-821B-98CBA3DC882D}.Debug|Any CPU.Build.0 = Debug|Any CPU
		{9F39B209-F467-4FB7-821B-98CBA3DC882D}.DemoDeploy|Any CPU.ActiveCfg = DemoDeploy|Any CPU
		{9F39B209-F467-4FB7-821B-98CBA3DC882D}.DemoDeploy|Any CPU.Build.0 = DemoDeploy|Any CPU
		{9F39B209-F467-4FB7-821B-98CBA3DC882D}.DevDeploy|Any CPU.ActiveCfg = DevDeploy|Any CPU
		{9F39B209-F467-4FB7-821B-98CBA3DC882D}.DevDeploy|Any CPU.Build.0 = DevDeploy|Any CPU
		{9F39B209-F467-4FB7-821B-98CBA3DC882D}.ProdDeploy|Any CPU.ActiveCfg = ProdDeploy|Any CPU
		{9F39B209-F467-4FB7-821B-98CBA3DC882D}.ProdDeploy|Any CPU.Build.0 = ProdDeploy|Any CPU
		{9F39B209-F467-4FB7-821B-98CBA3DC882D}.ProdReplica|Any CPU.ActiveCfg = ProdReplica|Any CPU
		{9F39B209-F467-4FB7-821B-98CBA3DC882D}.ProdReplica|Any CPU.Build.0 = ProdReplica|Any CPU
		{9F39B209-F467-4FB7-821B-98CBA3DC882D}.Release|Any CPU.ActiveCfg = Release|Any CPU
		{9F39B209-F467-4FB7-821B-98CBA3DC882D}.Release|Any CPU.Build.0 = Release|Any CPU
		{9F39B209-F467-4FB7-821B-98CBA3DC882D}.StageDeploy|Any CPU.ActiveCfg = StageDeploy|Any CPU
		{9F39B209-F467-4FB7-821B-98CBA3DC882D}.StageDeploy|Any CPU.Build.0 = StageDeploy|Any CPU
		{40FC8106-AA32-4ED5-9B8F-CE6251539CC5}.Debug|Any CPU.ActiveCfg = Debug|Any CPU
		{40FC8106-AA32-4ED5-9B8F-CE6251539CC5}.Debug|Any CPU.Build.0 = Debug|Any CPU
		{40FC8106-AA32-4ED5-9B8F-CE6251539CC5}.DemoDeploy|Any CPU.ActiveCfg = DemoDeploy|Any CPU
		{40FC8106-AA32-4ED5-9B8F-CE6251539CC5}.DemoDeploy|Any CPU.Build.0 = DemoDeploy|Any CPU
		{40FC8106-AA32-4ED5-9B8F-CE6251539CC5}.DevDeploy|Any CPU.ActiveCfg = DevDeploy|Any CPU
		{40FC8106-AA32-4ED5-9B8F-CE6251539CC5}.DevDeploy|Any CPU.Build.0 = DevDeploy|Any CPU
		{40FC8106-AA32-4ED5-9B8F-CE6251539CC5}.ProdDeploy|Any CPU.ActiveCfg = ProdDeploy|Any CPU
		{40FC8106-AA32-4ED5-9B8F-CE6251539CC5}.ProdDeploy|Any CPU.Build.0 = ProdDeploy|Any CPU
		{40FC8106-AA32-4ED5-9B8F-CE6251539CC5}.ProdReplica|Any CPU.ActiveCfg = ProdReplica|Any CPU
		{40FC8106-AA32-4ED5-9B8F-CE6251539CC5}.ProdReplica|Any CPU.Build.0 = ProdReplica|Any CPU
		{40FC8106-AA32-4ED5-9B8F-CE6251539CC5}.Release|Any CPU.ActiveCfg = Release|Any CPU
		{40FC8106-AA32-4ED5-9B8F-CE6251539CC5}.Release|Any CPU.Build.0 = Release|Any CPU
		{40FC8106-AA32-4ED5-9B8F-CE6251539CC5}.StageDeploy|Any CPU.ActiveCfg = StageDeploy|Any CPU
		{40FC8106-AA32-4ED5-9B8F-CE6251539CC5}.StageDeploy|Any CPU.Build.0 = StageDeploy|Any CPU
		{880E55D4-0A05-4B64-9EEF-7C8D03BE8D1D}.Debug|Any CPU.ActiveCfg = Debug|Any CPU
		{880E55D4-0A05-4B64-9EEF-7C8D03BE8D1D}.Debug|Any CPU.Build.0 = Debug|Any CPU
		{880E55D4-0A05-4B64-9EEF-7C8D03BE8D1D}.DemoDeploy|Any CPU.ActiveCfg = DemoDeploy|Any CPU
		{880E55D4-0A05-4B64-9EEF-7C8D03BE8D1D}.DemoDeploy|Any CPU.Build.0 = DemoDeploy|Any CPU
		{880E55D4-0A05-4B64-9EEF-7C8D03BE8D1D}.DevDeploy|Any CPU.ActiveCfg = DevDeploy|Any CPU
		{880E55D4-0A05-4B64-9EEF-7C8D03BE8D1D}.DevDeploy|Any CPU.Build.0 = DevDeploy|Any CPU
		{880E55D4-0A05-4B64-9EEF-7C8D03BE8D1D}.ProdDeploy|Any CPU.ActiveCfg = ProdDeploy|Any CPU
		{880E55D4-0A05-4B64-9EEF-7C8D03BE8D1D}.ProdDeploy|Any CPU.Build.0 = ProdDeploy|Any CPU
		{880E55D4-0A05-4B64-9EEF-7C8D03BE8D1D}.ProdReplica|Any CPU.ActiveCfg = ProdReplica|Any CPU
		{880E55D4-0A05-4B64-9EEF-7C8D03BE8D1D}.ProdReplica|Any CPU.Build.0 = ProdReplica|Any CPU
		{880E55D4-0A05-4B64-9EEF-7C8D03BE8D1D}.Release|Any CPU.ActiveCfg = Release|Any CPU
		{880E55D4-0A05-4B64-9EEF-7C8D03BE8D1D}.Release|Any CPU.Build.0 = Release|Any CPU
		{880E55D4-0A05-4B64-9EEF-7C8D03BE8D1D}.StageDeploy|Any CPU.ActiveCfg = StageDeploy|Any CPU
		{880E55D4-0A05-4B64-9EEF-7C8D03BE8D1D}.StageDeploy|Any CPU.Build.0 = StageDeploy|Any CPU
		{FBDB6698-6DB3-48D8-9C4B-FD885782AE92}.Debug|Any CPU.ActiveCfg = Debug|Any CPU
		{FBDB6698-6DB3-48D8-9C4B-FD885782AE92}.Debug|Any CPU.Build.0 = Debug|Any CPU
		{FBDB6698-6DB3-48D8-9C4B-FD885782AE92}.DemoDeploy|Any CPU.ActiveCfg = DemoDeploy|Any CPU
		{FBDB6698-6DB3-48D8-9C4B-FD885782AE92}.DemoDeploy|Any CPU.Build.0 = DemoDeploy|Any CPU
		{FBDB6698-6DB3-48D8-9C4B-FD885782AE92}.DevDeploy|Any CPU.ActiveCfg = DevDeploy|Any CPU
		{FBDB6698-6DB3-48D8-9C4B-FD885782AE92}.DevDeploy|Any CPU.Build.0 = DevDeploy|Any CPU
		{FBDB6698-6DB3-48D8-9C4B-FD885782AE92}.ProdDeploy|Any CPU.ActiveCfg = ProdDeploy|Any CPU
		{FBDB6698-6DB3-48D8-9C4B-FD885782AE92}.ProdDeploy|Any CPU.Build.0 = ProdDeploy|Any CPU
		{FBDB6698-6DB3-48D8-9C4B-FD885782AE92}.ProdReplica|Any CPU.ActiveCfg = ProdReplica|Any CPU
		{FBDB6698-6DB3-48D8-9C4B-FD885782AE92}.ProdReplica|Any CPU.Build.0 = ProdReplica|Any CPU
		{FBDB6698-6DB3-48D8-9C4B-FD885782AE92}.Release|Any CPU.ActiveCfg = Release|Any CPU
		{FBDB6698-6DB3-48D8-9C4B-FD885782AE92}.Release|Any CPU.Build.0 = Release|Any CPU
		{FBDB6698-6DB3-48D8-9C4B-FD885782AE92}.StageDeploy|Any CPU.ActiveCfg = StageDeploy|Any CPU
		{FBDB6698-6DB3-48D8-9C4B-FD885782AE92}.StageDeploy|Any CPU.Build.0 = StageDeploy|Any CPU
		{AB9D8BB5-FDB7-4D4E-B5BB-DB8374C4DF1F}.Debug|Any CPU.ActiveCfg = Debug|Any CPU
		{AB9D8BB5-FDB7-4D4E-B5BB-DB8374C4DF1F}.Debug|Any CPU.Build.0 = Debug|Any CPU
		{AB9D8BB5-FDB7-4D4E-B5BB-DB8374C4DF1F}.Debug|Any CPU.Deploy.0 = Debug|Any CPU
		{AB9D8BB5-FDB7-4D4E-B5BB-DB8374C4DF1F}.DemoDeploy|Any CPU.ActiveCfg = DemoDeploy|Any CPU
		{AB9D8BB5-FDB7-4D4E-B5BB-DB8374C4DF1F}.DemoDeploy|Any CPU.Build.0 = DemoDeploy|Any CPU
		{AB9D8BB5-FDB7-4D4E-B5BB-DB8374C4DF1F}.DemoDeploy|Any CPU.Deploy.0 = DemoDeploy|Any CPU
		{AB9D8BB5-FDB7-4D4E-B5BB-DB8374C4DF1F}.DevDeploy|Any CPU.ActiveCfg = DevDeploy|Any CPU
		{AB9D8BB5-FDB7-4D4E-B5BB-DB8374C4DF1F}.DevDeploy|Any CPU.Build.0 = DevDeploy|Any CPU
		{AB9D8BB5-FDB7-4D4E-B5BB-DB8374C4DF1F}.DevDeploy|Any CPU.Deploy.0 = DevDeploy|Any CPU
		{AB9D8BB5-FDB7-4D4E-B5BB-DB8374C4DF1F}.ProdDeploy|Any CPU.ActiveCfg = ProdDeploy|Any CPU
		{AB9D8BB5-FDB7-4D4E-B5BB-DB8374C4DF1F}.ProdDeploy|Any CPU.Build.0 = ProdDeploy|Any CPU
		{AB9D8BB5-FDB7-4D4E-B5BB-DB8374C4DF1F}.ProdDeploy|Any CPU.Deploy.0 = ProdDeploy|Any CPU
		{AB9D8BB5-FDB7-4D4E-B5BB-DB8374C4DF1F}.ProdReplica|Any CPU.ActiveCfg = ProdReplica|Any CPU
		{AB9D8BB5-FDB7-4D4E-B5BB-DB8374C4DF1F}.ProdReplica|Any CPU.Build.0 = ProdReplica|Any CPU
		{AB9D8BB5-FDB7-4D4E-B5BB-DB8374C4DF1F}.ProdReplica|Any CPU.Deploy.0 = ProdReplica|Any CPU
		{AB9D8BB5-FDB7-4D4E-B5BB-DB8374C4DF1F}.Release|Any CPU.ActiveCfg = Release|Any CPU
		{AB9D8BB5-FDB7-4D4E-B5BB-DB8374C4DF1F}.Release|Any CPU.Build.0 = Release|Any CPU
		{AB9D8BB5-FDB7-4D4E-B5BB-DB8374C4DF1F}.Release|Any CPU.Deploy.0 = Release|Any CPU
		{AB9D8BB5-FDB7-4D4E-B5BB-DB8374C4DF1F}.StageDeploy|Any CPU.ActiveCfg = StageDeploy|Any CPU
		{AB9D8BB5-FDB7-4D4E-B5BB-DB8374C4DF1F}.StageDeploy|Any CPU.Build.0 = StageDeploy|Any CPU
		{AB9D8BB5-FDB7-4D4E-B5BB-DB8374C4DF1F}.StageDeploy|Any CPU.Deploy.0 = StageDeploy|Any CPU
		{7D307B5A-B4F7-4CC7-B865-E32030E31FFB}.Debug|Any CPU.ActiveCfg = Debug|Any CPU
		{7D307B5A-B4F7-4CC7-B865-E32030E31FFB}.Debug|Any CPU.Build.0 = Debug|Any CPU
		{7D307B5A-B4F7-4CC7-B865-E32030E31FFB}.Debug|Any CPU.Deploy.0 = Debug|Any CPU
		{7D307B5A-B4F7-4CC7-B865-E32030E31FFB}.DemoDeploy|Any CPU.ActiveCfg = Debug|Any CPU
		{7D307B5A-B4F7-4CC7-B865-E32030E31FFB}.DemoDeploy|Any CPU.Build.0 = Debug|Any CPU
		{7D307B5A-B4F7-4CC7-B865-E32030E31FFB}.DemoDeploy|Any CPU.Deploy.0 = Debug|Any CPU
		{7D307B5A-B4F7-4CC7-B865-E32030E31FFB}.DevDeploy|Any CPU.ActiveCfg = Debug|Any CPU
		{7D307B5A-B4F7-4CC7-B865-E32030E31FFB}.DevDeploy|Any CPU.Build.0 = Debug|Any CPU
		{7D307B5A-B4F7-4CC7-B865-E32030E31FFB}.DevDeploy|Any CPU.Deploy.0 = Debug|Any CPU
		{7D307B5A-B4F7-4CC7-B865-E32030E31FFB}.ProdDeploy|Any CPU.ActiveCfg = Release|Any CPU
		{7D307B5A-B4F7-4CC7-B865-E32030E31FFB}.ProdDeploy|Any CPU.Build.0 = Release|Any CPU
		{7D307B5A-B4F7-4CC7-B865-E32030E31FFB}.ProdDeploy|Any CPU.Deploy.0 = Release|Any CPU
		{7D307B5A-B4F7-4CC7-B865-E32030E31FFB}.ProdReplica|Any CPU.ActiveCfg = Release|Any CPU
		{7D307B5A-B4F7-4CC7-B865-E32030E31FFB}.ProdReplica|Any CPU.Build.0 = Release|Any CPU
		{7D307B5A-B4F7-4CC7-B865-E32030E31FFB}.ProdReplica|Any CPU.Deploy.0 = Release|Any CPU
		{7D307B5A-B4F7-4CC7-B865-E32030E31FFB}.Release|Any CPU.ActiveCfg = Release|Any CPU
		{7D307B5A-B4F7-4CC7-B865-E32030E31FFB}.Release|Any CPU.Build.0 = Release|Any CPU
		{7D307B5A-B4F7-4CC7-B865-E32030E31FFB}.Release|Any CPU.Deploy.0 = Release|Any CPU
		{7D307B5A-B4F7-4CC7-B865-E32030E31FFB}.StageDeploy|Any CPU.ActiveCfg = Release|Any CPU
		{7D307B5A-B4F7-4CC7-B865-E32030E31FFB}.StageDeploy|Any CPU.Build.0 = Release|Any CPU
		{7D307B5A-B4F7-4CC7-B865-E32030E31FFB}.StageDeploy|Any CPU.Deploy.0 = Release|Any CPU
	EndGlobalSection
	GlobalSection(SolutionProperties) = preSolution
		HideSolutionNode = FALSE
	EndGlobalSection
	GlobalSection(ExtensibilityGlobals) = postSolution
		SolutionGuid = {8711E975-6B5B-497A-8FAC-0D391EB066A3}
	EndGlobalSection
	GlobalSection(TeamFoundationVersionControl) = preSolution
		SccNumberOfProjects = 8
		SccEnterpriseProvider = {4CA58AB2-18FA-4F8D-95D4-32DDF27D184C}
		SccTeamFoundationServer = https://dev.azure.com/mynavsalesengg
		SccLocalPath0 = .
		SccProjectUniqueName1 = myNAVSales.myNAVPortal.Web\\myNAVSales.myNAVPortal.Web.csproj
		SccProjectName1 = myNAVSales.myNAVPortal.Web
		SccLocalPath1 = myNAVSales.myNAVPortal.Web
		SccProjectUniqueName2 = myNAVSales.myNAVPortal.WebAPI\\myNAVSales.myNAVPortal.WebAPI.csproj
		SccProjectName2 = myNAVSales.myNAVPortal.WebAPI
		SccLocalPath2 = myNAVSales.myNAVPortal.WebAPI
		SccProjectUniqueName3 = myNAVSales.myNAVPortal.Models\\myNAVSales.myNAVPortal.Models.csproj
		SccProjectName3 = myNAVSales.myNAVPortal.Models
		SccLocalPath3 = myNAVSales.myNAVPortal.Models
		SccProjectUniqueName4 = myNAVSales.myNAVPortal.CrossCutting\\myNAVSales.myNAVPortal.CrossCutting.csproj
		SccProjectName4 = myNAVSales.myNAVPortal.CrossCutting
		SccLocalPath4 = myNAVSales.myNAVPortal.CrossCutting
		SccProjectUniqueName5 = myNAVSales.myNAVPortal.DataAccess\\myNAVSales.myNAVPortal.DataAccess.csproj
		SccProjectName5 = myNAVSales.myNAVPortal.DataAccess
		SccLocalPath5 = myNAVSales.myNAVPortal.DataAccess
		SccProjectUniqueName6 = myNAVSales.myNAVPortal.Database\\myNAVSales.myNAVPortal.Database.sqlproj
		SccProjectName6 = myNAVSales.myNAVPortal.Database
		SccLocalPath6 = myNAVSales.myNAVPortal.Database
		SccProjectUniqueName7 = myNAVSales.myNAVPortal.myClientsDatabase\\myNAVSales.myNAVPortal.myClientsDatabase.sqlproj
		SccProjectName7 = myNAVSales.myNAVPortal.myClientsDatabase
		SccLocalPath7 = myNAVSales.myNAVPortal.myClientsDatabase
	EndGlobalSection
EndGlobal
